{
  "name": "e2e",
  "version": "1.0.0",
  "lockfileVersion": 3,
  "requires": true,
  "packages": {
    "": {
      "name": "e2e",
      "version": "1.0.0",
      "license": "ISC",
      "dependencies": {
        "dotenv": "^16.3.1"
      },
      "devDependencies": {
        "@playwright/test": "^1.36.2",
        "allure-playwright": "^2.4.0"
      }
    },
    "node_modules/@playwright/test": {
      "version": "1.36.2",
      "resolved": "https://registry.npmjs.org/@playwright/test/-/test-1.36.2.tgz",
      "integrity": "sha512-2rVZeyPRjxfPH6J0oGJqE8YxiM1IBRyM8hyrXYK7eSiAqmbNhxwcLa7dZ7fy9Kj26V7FYia5fh9XJRq4Dqme+g==",
      "dev": true,
      "dependencies": {
        "@types/node": "*",
        "playwright-core": "1.36.2"
      },
      "bin": {
        "playwright": "cli.js"
      },
      "engines": {
        "node": ">=16"
      },
      "optionalDependencies": {
        "fsevents": "2.3.2"
      }
    },
    "node_modules/@types/node": {
      "version": "20.4.5",
      "resolved": "https://registry.npmjs.org/@types/node/-/node-20.4.5.tgz",
      "integrity": "sha512-rt40Nk13II9JwQBdeYqmbn2Q6IVTA5uPhvSO+JVqdXw/6/4glI6oR9ezty/A9Hg5u7JH4OmYmuQ+XvjKm0Datg==",
      "dev": true
    },
    "node_modules/allure-js-commons": {
      "version": "2.4.0",
      "resolved": "https://registry.npmjs.org/allure-js-commons/-/allure-js-commons-2.4.0.tgz",
      "integrity": "sha512-mIQKAA91ihtMPzHJh7fQib/8MhZaUQ0oYtqFzS//5/Q+ILbMWW3WD2ISWtwniFAF2XWdRFjZ013IfUuKusbh1g==",
      "dev": true,
      "dependencies": {
        "properties": "^1.2.1",
        "uuid": "^8.3.0"
      }
    },
    "node_modules/allure-playwright": {
      "version": "2.4.0",
      "resolved": "https://registry.npmjs.org/allure-playwright/-/allure-playwright-2.4.0.tgz",
      "integrity": "sha512-YtOdQXKPUFFfXVEPUaH5ebNf/2tLmJ1q898l+TPCPBeTQWVpKxLJm5yQkBbu+cmbsN+FGCsfDHFiqcS/r6f71w==",
      "dev": true,
      "dependencies": {
        "allure-js-commons": "2.4.0"
      }
    },
    "node_modules/dotenv": {
      "version": "16.3.1",
      "resolved": "https://registry.npmjs.org/dotenv/-/dotenv-16.3.1.tgz",
      "integrity": "sha512-IPzF4w4/Rd94bA9imS68tZBaYyBWSCE47V1RGuMrB94iyTOIEwRmVL2x/4An+6mETpLrKJ5hQkB8W4kFAadeIQ==",
      "engines": {
        "node": ">=12"
      },
      "funding": {
        "url": "https://github.com/motdotla/dotenv?sponsor=1"
      }
    },
    "node_modules/fsevents": {
      "version": "2.3.2",
      "resolved": "https://registry.npmjs.org/fsevents/-/fsevents-2.3.2.tgz",
      "integrity": "sha512-xiqMQR4xAeHTuB9uWm+fFRcIOgKBMiOBP+eXiyT7jsgVCq1bkVygt00oASowB7EdtpOHaaPgKt812P9ab+DDKA==",
      "dev": true,
      "hasInstallScript": true,
      "optional": true,
      "os": [
        "darwin"
      ],
      "engines": {
        "node": "^8.16.0 || ^10.6.0 || >=11.0.0"
      }
    },
    "node_modules/playwright-core": {
      "version": "1.36.2",
      "resolved": "https://registry.npmjs.org/playwright-core/-/playwright-core-1.36.2.tgz",
      "integrity": "sha512-sQYZt31dwkqxOrP7xy2ggDfEzUxM1lodjhsQ3NMMv5uGTRDsLxU0e4xf4wwMkF2gplIxf17QMBCodSFgm6bFVQ==",
      "dev": true,
      "bin": {
        "playwright-core": "cli.js"
      },
      "engines": {
        "node": ">=16"
      }
    },
    "node_modules/properties": {
      "version": "1.2.1",
      "resolved": "https://registry.npmjs.org/properties/-/properties-1.2.1.tgz",
      "integrity": "sha512-qYNxyMj1JeW54i/EWEFsM1cVwxJbtgPp8+0Wg9XjNaK6VE/c4oRi6PNu5p7w1mNXEIQIjV5Wwn8v8Gz82/QzdQ==",
      "dev": true,
      "engines": {
        "node": ">=0.10"
      }
    },
    "node_modules/uuid": {
      "version": "8.3.2",
      "resolved": "https://registry.npmjs.org/uuid/-/uuid-8.3.2.tgz",
      "integrity": "sha512-+NYs2QeMWy+GWFOEm9xnn6HCDp0l7QBD7ml8zLUmJ+93Q5NF0NocErnwkTkXVFNiX3/fpC6afS8Dhb/gz7R7eg==",
      "dev": true,
      "bin": {
        "uuid": "dist/bin/uuid"
      }
    }
  }
}
